# This file is automatically @generated by Cargo.
# It is not intended for manual editing.
version = 3

[[package]]
name = "block-sys"
version = "0.2.0"
source = "registry+https://github.com/rust-lang/crates.io-index"
checksum = "2dd7cf50912cddc06dc5ea7c08c5e81c1b2c842a70d19def1848d54c586fed92"
dependencies = [
 "objc-sys",
]

[[package]]
name = "block2"
version = "0.2.0"
source = "registry+https://github.com/rust-lang/crates.io-index"
checksum = "52bb065b1ae91eaf6774e57c0e437f93b3111bac2d6011e517c72df84323e0a5"
dependencies = [
 "block-sys",
 "objc2",
]

[[package]]
name = "cc"
version = "1.0.79"
source = "registry+https://github.com/rust-lang/crates.io-index"
checksum = "50d30906286121d95be3d479533b458f87493b30a4b5f79a607db8f5d11aa91f"

[[package]]
name = "dispatch"
version = "0.2.0"
source = "registry+https://github.com/rust-lang/crates.io-index"
checksum = "bd0c93bb4b0c6d9b77f4435b0ae98c24d17f1c45b2ff844c6151a07256ca923b"

[[package]]
name = "icrate"
version = "0.0.3"
source = "registry+https://github.com/rust-lang/crates.io-index"
checksum = "d01be675f32fdc4b70c7741ece85578d48447de43cda1f7335002e61153a8992"
dependencies = [
 "block2",
 "objc2",
]

[[package]]
name = "libc"
version = "0.2.147"
source = "registry+https://github.com/rust-lang/crates.io-index"
checksum = "b4668fb0ea861c1df094127ac5f1da3409a82116a4ba74fca2e58ef927159bb3"

[[package]]
name = "malloc_buf"
version = "1.0.0"
source = "registry+https://github.com/rust-lang/crates.io-index"
checksum = "3f32c8c0575eee8637bf462087c00098fe16d6cb621f1abb6ebab4da414d57fd"
dependencies = [
 "libc",
]

[[package]]
name = "objc-sys"
version = "0.3.1"
source = "registry+https://github.com/rust-lang/crates.io-index"
checksum = "99e1d07c6eab1ce8b6382b8e3c7246fe117ff3f8b34be065f5ebace6749fe845"

[[package]]
name = "objc2"
version = "0.4.0"
source = "registry+https://github.com/rust-lang/crates.io-index"
checksum = "3cf6c364d54fa7b8be594c17b1506d5fe332038d3f6ef7b4ce36a5788798634c"
dependencies = [
 "malloc_buf",
 "objc-sys",
 "objc2-encode",
 "objc2-proc-macros",
]

[[package]]
name = "objc2-encode"
version = "2.0.0"
source = "registry+https://github.com/rust-lang/crates.io-index"
checksum = "de517cb1d179b07c6c59fb4ce60f7511eba229a2488472bb41f00344d22a091e"

[[package]]
name = "objc2-proc-macros"
version = "0.1.1"
source = "registry+https://github.com/rust-lang/crates.io-index"
checksum = "b907b825b8c265dd8c4581472273184e75c12825f67d31ba18c5c8cdb5d5431e"

[[package]]
name = "windows_list_osx"
version = "0.1.0"
dependencies = [
 "block2",
 "cc",
 "dispatch",
 "icrate",
 "objc2",
]
