# This file is automatically @generated by Cargo.
# It is not intended for manual editing.
version = 3

[[package]]
name = "bitflags"
version = "1.3.2"
source = "registry+https://github.com/rust-lang/crates.io-index"
checksum = "bef38d45163c2f1dde094a7dfd33ccf595c92905c8f8f4fdc18d06fb1037718a"

[[package]]
name = "block-sys"
version = "0.2.0"
source = "registry+https://github.com/rust-lang/crates.io-index"
checksum = "2dd7cf50912cddc06dc5ea7c08c5e81c1b2c842a70d19def1848d54c586fed92"
dependencies = [
 "objc-sys",
]

[[package]]
name = "block2"
version = "0.2.0"
source = "registry+https://github.com/rust-lang/crates.io-index"
checksum = "52bb065b1ae91eaf6774e57c0e437f93b3111bac2d6011e517c72df84323e0a5"
dependencies = [
 "block-sys",
 "objc2",
]

[[package]]
name = "core-foundation"
version = "0.9.3"
source = "registry+https://github.com/rust-lang/crates.io-index"
checksum = "194a7a9e6de53fa55116934067c844d9d749312f75c6f6d0980e8c252f8c2146"
dependencies = [
 "core-foundation-sys",
 "libc",
]

[[package]]
name = "core-foundation-sys"
version = "0.8.4"
source = "registry+https://github.com/rust-lang/crates.io-index"
checksum = "e496a50fda8aacccc86d7529e2c1e0892dbd0f898a6b5645b5561b89c3210efa"

[[package]]
name = "core-graphics"
version = "0.23.1"
source = "registry+https://github.com/rust-lang/crates.io-index"
checksum = "970a29baf4110c26fedbc7f82107d42c23f7e88e404c4577ed73fe99ff85a212"
dependencies = [
 "bitflags",
 "core-foundation",
 "core-graphics-types",
 "foreign-types",
 "libc",
]

[[package]]
name = "core-graphics-types"
version = "0.1.2"
source = "registry+https://github.com/rust-lang/crates.io-index"
checksum = "2bb142d41022986c1d8ff29103a1411c8a3dfad3552f87a4f8dc50d61d4f4e33"
dependencies = [
 "bitflags",
 "core-foundation",
 "libc",
]

[[package]]
name = "dispatch"
version = "0.2.0"
source = "registry+https://github.com/rust-lang/crates.io-index"
checksum = "bd0c93bb4b0c6d9b77f4435b0ae98c24d17f1c45b2ff844c6151a07256ca923b"

[[package]]
name = "foreign-types"
version = "0.5.0"
source = "registry+https://github.com/rust-lang/crates.io-index"
checksum = "d737d9aa519fb7b749cbc3b962edcf310a8dd1f4b67c91c4f83975dbdd17d965"
dependencies = [
 "foreign-types-macros",
 "foreign-types-shared",
]

[[package]]
name = "foreign-types-macros"
version = "0.2.3"
source = "registry+https://github.com/rust-lang/crates.io-index"
checksum = "1a5c6c585bc94aaf2c7b51dd4c2ba22680844aba4c687be581871a6f518c5742"
dependencies = [
 "proc-macro2",
 "quote",
 "syn",
]

[[package]]
name = "foreign-types-shared"
version = "0.3.1"
source = "registry+https://github.com/rust-lang/crates.io-index"
checksum = "aa9a19cbb55df58761df49b23516a86d432839add4af60fc256da840f66ed35b"

[[package]]
name = "icrate"
version = "0.0.3"
source = "registry+https://github.com/rust-lang/crates.io-index"
checksum = "d01be675f32fdc4b70c7741ece85578d48447de43cda1f7335002e61153a8992"
dependencies = [
 "block2",
 "objc2",
]

[[package]]
name = "libc"
version = "0.2.147"
source = "registry+https://github.com/rust-lang/crates.io-index"
checksum = "b4668fb0ea861c1df094127ac5f1da3409a82116a4ba74fca2e58ef927159bb3"

[[package]]
name = "objc-sys"
version = "0.3.1"
source = "registry+https://github.com/rust-lang/crates.io-index"
checksum = "99e1d07c6eab1ce8b6382b8e3c7246fe117ff3f8b34be065f5ebace6749fe845"

[[package]]
name = "objc2"
version = "0.4.0"
source = "registry+https://github.com/rust-lang/crates.io-index"
checksum = "3cf6c364d54fa7b8be594c17b1506d5fe332038d3f6ef7b4ce36a5788798634c"
dependencies = [
 "objc-sys",
 "objc2-encode",
 "objc2-proc-macros",
]

[[package]]
name = "objc2-encode"
version = "2.0.0"
source = "registry+https://github.com/rust-lang/crates.io-index"
checksum = "de517cb1d179b07c6c59fb4ce60f7511eba229a2488472bb41f00344d22a091e"

[[package]]
name = "objc2-proc-macros"
version = "0.1.1"
source = "registry+https://github.com/rust-lang/crates.io-index"
checksum = "b907b825b8c265dd8c4581472273184e75c12825f67d31ba18c5c8cdb5d5431e"

[[package]]
name = "proc-macro2"
version = "1.0.66"
source = "registry+https://github.com/rust-lang/crates.io-index"
checksum = "18fb31db3f9bddb2ea821cde30a9f70117e3f119938b5ee630b7403aa6e2ead9"
dependencies = [
 "unicode-ident",
]

[[package]]
name = "quote"
version = "1.0.31"
source = "registry+https://github.com/rust-lang/crates.io-index"
checksum = "5fe8a65d69dd0808184ebb5f836ab526bb259db23c657efa38711b1072ee47f0"
dependencies = [
 "proc-macro2",
]

[[package]]
name = "syn"
version = "2.0.26"
source = "registry+https://github.com/rust-lang/crates.io-index"
checksum = "45c3457aacde3c65315de5031ec191ce46604304d2446e803d71ade03308d970"
dependencies = [
 "proc-macro2",
 "quote",
 "unicode-ident",
]

[[package]]
name = "unicode-ident"
version = "1.0.11"
source = "registry+https://github.com/rust-lang/crates.io-index"
checksum = "301abaae475aa91687eb82514b328ab47a211a533026cb25fc3e519b86adfc3c"

[[package]]
name = "windows_list_osx"
version = "0.1.0"
dependencies = [
 "block2",
 "core-foundation",
 "core-graphics",
 "dispatch",
 "icrate",
 "objc2",
]
